
Microsoft Visual Studio Solution File, Format Version 12.00
# Visual Studio Version 16
VisualStudioVersion = 16.0.29609.76
MinimumVisualStudioVersion = 10.0.40219.1
Project("{FAE04EC0-301F-11D3-BF4B-00C04F79EFBC}") = "GestionUsine", "GestionUsine.csproj", "{7CFF3E7C-4F05-432D-ACF7-42211B4F317D}"
EndProject
Global
	GlobalSection(SolutionConfigurationPlatforms) = preSolution
		Debug|Any CPU = Debug|Any CPU
		Release|Any CPU = Release|Any CPU
	EndGlobalSection
	GlobalSection(ProjectConfigurationPlatforms) = postSolution
		{7CFF3E7C-4F05-432D-ACF7-42211B4F317D}.Debug|Any CPU.ActiveCfg = Debug|Any CPU
		{7CFF3E7C-4F05-432D-ACF7-42211B4F317D}.Debug|Any CPU.Build.0 = Debug|Any CPU
		{7CFF3E7C-4F05-432D-ACF7-42211B4F317D}.Release|Any CPU.ActiveCfg = Release|Any CPU
		{7CFF3E7C-4F05-432D-ACF7-42211B4F317D}.Release|Any CPU.Build.0 = Release|Any CPU
	EndGlobalSection
	GlobalSection(SolutionProperties) = preSolution
		HideSolutionNode = FALSE
	EndGlobalSection
	GlobalSection(ExtensibilityGlobals) = postSolution
		SolutionGuid = {513769C9-8266-48A1-AD00-65604F9D78FD}
	EndGlobalSection
EndGlobal
